// !$*UTF8*$!
{
	archiveVersion = 1;
	classes = {
	};
	objectVersion = 56;
	objects = {

/* Begin PBXBuildFile section */
		1C77BCA22B9FC1C600A25F35 /* CeldaNoticiaTableViewCell.swift in Sources */ = {isa = PBXBuildFile; fileRef = 1C77BCA02B9FC1C600A25F35 /* CeldaNoticiaTableViewCell.swift */; };
		1C77BCA32B9FC1C600A25F35 /* CeldaNoticiaTableViewCell.xib in Resources */ = {isa = PBXBuildFile; fileRef = 1C77BCA12B9FC1C600A25F35 /* CeldaNoticiaTableViewCell.xib */; };
		1CE54A352B9F9FAD00C2F097 /* AppDelegate.swift in Sources */ = {isa = PBXBuildFile; fileRef = 1CE54A342B9F9FAD00C2F097 /* AppDelegate.swift */; };
		1CE54A372B9F9FAD00C2F097 /* SceneDelegate.swift in Sources */ = {isa = PBXBuildFile; fileRef = 1CE54A362B9F9FAD00C2F097 /* SceneDelegate.swift */; };
		1CE54A392B9F9FAD00C2F097 /* ViewController.swift in Sources */ = {isa = PBXBuildFile; fileRef = 1CE54A382B9F9FAD00C2F097 /* ViewController.swift */; };
		1CE54A3C2B9F9FAD00C2F097 /* Base in Resources */ = {isa = PBXBuildFile; fileRef = 1CE54A3B2B9F9FAD00C2F097 /* Base */; };
		1CE54A3E2B9F9FB000C2F097 /* Assets.xcassets in Resources */ = {isa = PBXBuildFile; fileRef = 1CE54A3D2B9F9FB000C2F097 /* Assets.xcassets */; };
		1CE54A412B9F9FB000C2F097 /* Base in Resources */ = {isa = PBXBuildFile; fileRef = 1CE54A402B9F9FB000C2F097 /* Base */; };
		1CE54A4C2B9F9FB000C2F097 /* AppsNewsTests.swift in Sources */ = {isa = PBXBuildFile; fileRef = 1CE54A4B2B9F9FB000C2F097 /* AppsNewsTests.swift */; };
		1CE54A562B9F9FB000C2F097 /* AppsNewsUITests.swift in Sources */ = {isa = PBXBuildFile; fileRef = 1CE54A552B9F9FB000C2F097 /* AppsNewsUITests.swift */; };
		1CE54A582B9F9FB000C2F097 /* AppsNewsUITestsLaunchTests.swift in Sources */ = {isa = PBXBuildFile; fileRef = 1CE54A572B9F9FB000C2F097 /* AppsNewsUITestsLaunchTests.swift */; };
/* End PBXBuildFile section */

/* Begin PBXContainerItemProxy section */
		1CE54A482B9F9FB000C2F097 /* PBXContainerItemProxy */ = {
			isa = PBXContainerItemProxy;
			containerPortal = 1CE54A292B9F9FAD00C2F097 /* Project object */;
			proxyType = 1;
			remoteGlobalIDString = 1CE54A302B9F9FAD00C2F097;
			remoteInfo = AppsNews;
		};
		1CE54A522B9F9FB000C2F097 /* PBXContainerItemProxy */ = {
			isa = PBXContainerItemProxy;
			containerPortal = 1CE54A292B9F9FAD00C2F097 /* Project object */;
			proxyType = 1;
			remoteGlobalIDString = 1CE54A302B9F9FAD00C2F097;
			remoteInfo = AppsNews;
		};
/* End PBXContainerItemProxy section */

/* Begin PBXFileReference section */
		1C77BCA02B9FC1C600A25F35 /* CeldaNoticiaTableViewCell.swift */ = {isa = PBXFileReference; lastKnownFileType = sourcecode.swift; path = CeldaNoticiaTableViewCell.swift; sourceTree = "<group>"; };
		1C77BCA12B9FC1C600A25F35 /* CeldaNoticiaTableViewCell.xib */ = {isa = PBXFileReference; lastKnownFileType = file.xib; path = CeldaNoticiaTableViewCell.xib; sourceTree = "<group>"; };
		1CE54A312B9F9FAD00C2F097 /* AppsNews.app */ = {isa = PBXFileReference; explicitFileType = wrapper.application; includeInIndex = 0; path = AppsNews.app; sourceTree = BUILT_PRODUCTS_DIR; };
		1CE54A342B9F9FAD00C2F097 /* AppDelegate.swift */ = {isa = PBXFileReference; lastKnownFileType = sourcecode.swift; path = AppDelegate.swift; sourceTree = "<group>"; };
		1CE54A362B9F9FAD00C2F097 /* SceneDelegate.swift */ = {isa = PBXFileReference; lastKnownFileType = sourcecode.swift; path = SceneDelegate.swift; sourceTree = "<group>"; };
		1CE54A382B9F9FAD00C2F097 /* ViewController.swift */ = {isa = PBXFileReference; lastKnownFileType = sourcecode.swift; path = ViewController.swift; sourceTree = "<group>"; };
		1CE54A3B2B9F9FAD00C2F097 /* Base */ = {isa = PBXFileReference; lastKnownFileType = file.storyboard; name = Base; path = Base.lproj/Main.storyboard; sourceTree = "<group>"; };
		1CE54A3D2B9F9FB000C2F097 /* Assets.xcassets */ = {isa = PBXFileReference; lastKnownFileType = folder.assetcatalog; path = Assets.xcassets; sourceTree = "<group>"; };
		1CE54A402B9F9FB000C2F097 /* Base */ = {isa = PBXFileReference; lastKnownFileType = file.storyboard; name = Base; path = Base.lproj/LaunchScreen.storyboard; sourceTree = "<group>"; };
		1CE54A422B9F9FB000C2F097 /* Info.plist */ = {isa = PBXFileReference; lastKnownFileType = text.plist.xml; path = Info.plist; sourceTree = "<group>"; };
		1CE54A472B9F9FB000C2F097 /* AppsNewsTests.xctest */ = {isa = PBXFileReference; explicitFileType = wrapper.cfbundle; includeInIndex = 0; path = AppsNewsTests.xctest; sourceTree = BUILT_PRODUCTS_DIR; };
		1CE54A4B2B9F9FB000C2F097 /* AppsNewsTests.swift */ = {isa = PBXFileReference; lastKnownFileType = sourcecode.swift; path = AppsNewsTests.swift; sourceTree = "<group>"; };
		1CE54A512B9F9FB000C2F097 /* AppsNewsUITests.xctest */ = {isa = PBXFileReference; explicitFileType = wrapper.cfbundle; includeInIndex = 0; path = AppsNewsUITests.xctest; sourceTree = BUILT_PRODUCTS_DIR; };
		1CE54A552B9F9FB000C2F097 /* AppsNewsUITests.swift */ = {isa = PBXFileReference; lastKnownFileType = sourcecode.swift; path = AppsNewsUITests.swift; sourceTree = "<group>"; };
		1CE54A572B9F9FB000C2F097 /* AppsNewsUITestsLaunchTests.swift */ = {isa = PBXFileReference; lastKnownFileType = sourcecode.swift; path = AppsNewsUITestsLaunchTests.swift; sourceTree = "<group>"; };
/* End PBXFileReference section */

/* Begin PBXFrameworksBuildPhase section */
		1CE54A2E2B9F9FAD00C2F097 /* Frameworks */ = {
			isa = PBXFrameworksBuildPhase;
			buildActionMask = 2147483647;
			files = (
			);
			runOnlyForDeploymentPostprocessing = 0;
		};
		1CE54A442B9F9FB000C2F097 /* Frameworks */ = {
			isa = PBXFrameworksBuildPhase;
			buildActionMask = 2147483647;
			files = (
			);
			runOnlyForDeploymentPostprocessing = 0;
		};
		1CE54A4E2B9F9FB000C2F097 /* Frameworks */ = {
			isa = PBXFrameworksBuildPhase;
			buildActionMask = 2147483647;
			files = (
			);
			runOnlyForDeploymentPostprocessing = 0;
		};
/* End PBXFrameworksBuildPhase section */

/* Begin PBXGroup section */
		1CE54A282B9F9FAD00C2F097 = {
			isa = PBXGroup;
			children = (
				1C77BCA02B9FC1C600A25F35 /* CeldaNoticiaTableViewCell.swift */,
				1C77BCA12B9FC1C600A25F35 /* CeldaNoticiaTableViewCell.xib */,
				1CE54A332B9F9FAD00C2F097 /* AppsNews */,
				1CE54A4A2B9F9FB000C2F097 /* AppsNewsTests */,
				1CE54A542B9F9FB000C2F097 /* AppsNewsUITests */,
				1CE54A322B9F9FAD00C2F097 /* Products */,
			);
			sourceTree = "<group>";
		};
		1CE54A322B9F9FAD00C2F097 /* Products */ = {
			isa = PBXGroup;
			children = (
				1CE54A312B9F9FAD00C2F097 /* AppsNews.app */,
				1CE54A472B9F9FB000C2F097 /* AppsNewsTests.xctest */,
				1CE54A512B9F9FB000C2F097 /* AppsNewsUITests.xctest */,
			);
			name = Products;
			sourceTree = "<group>";
		};
		1CE54A332B9F9FAD00C2F097 /* AppsNews */ = {
			isa = PBXGroup;
			children = (
				1CE54A342B9F9FAD00C2F097 /* AppDelegate.swift */,
				1CE54A362B9F9FAD00C2F097 /* SceneDelegate.swift */,
				1CE54A382B9F9FAD00C2F097 /* ViewController.swift */,
				1CE54A3A2B9F9FAD00C2F097 /* Main.storyboard */,
				1CE54A3D2B9F9FB000C2F097 /* Assets.xcassets */,
				1CE54A3F2B9F9FB000C2F097 /* LaunchScreen.storyboard */,
				1CE54A422B9F9FB000C2F097 /* Info.plist */,
			);
			path = AppsNews;
			sourceTree = "<group>";
		};
		1CE54A4A2B9F9FB000C2F097 /* AppsNewsTests */ = {
			isa = PBXGroup;
			children = (
				1CE54A4B2B9F9FB000C2F097 /* AppsNewsTests.swift */,
			);
			path = AppsNewsTests;
			sourceTree = "<group>";
		};
		1CE54A542B9F9FB000C2F097 /* AppsNewsUITests */ = {
			isa = PBXGroup;
			children = (
				1CE54A552B9F9FB000C2F097 /* AppsNewsUITests.swift */,
				1CE54A572B9F9FB000C2F097 /* AppsNewsUITestsLaunchTests.swift */,
			);
			path = AppsNewsUITests;
			sourceTree = "<group>";
		};
/* End PBXGroup section */

/* Begin PBXNativeTarget section */
		1CE54A302B9F9FAD00C2F097 /* AppsNews */ = {
			isa = PBXNativeTarget;
			buildConfigurationList = 1CE54A5B2B9F9FB000C2F097 /* Build configuration list for PBXNativeTarget "AppsNews" */;
			buildPhases = (
				1CE54A2D2B9F9FAD00C2F097 /* Sources */,
				1CE54A2E2B9F9FAD00C2F097 /* Frameworks */,
				1CE54A2F2B9F9FAD00C2F097 /* Resources */,
			);
			buildRules = (
			);
			dependencies = (
			);
			name = AppsNews;
			productName = AppsNews;
			productReference = 1CE54A312B9F9FAD00C2F097 /* AppsNews.app */;
			productType = "com.apple.product-type.application";
		};
		1CE54A462B9F9FB000C2F097 /* AppsNewsTests */ = {
			isa = PBXNativeTarget;
			buildConfigurationList = 1CE54A5E2B9F9FB000C2F097 /* Build configuration list for PBXNativeTarget "AppsNewsTests" */;
			buildPhases = (
				1CE54A432B9F9FB000C2F097 /* Sources */,
				1CE54A442B9F9FB000C2F097 /* Frameworks */,
				1CE54A452B9F9FB000C2F097 /* Resources */,
			);
			buildRules = (
			);
			dependencies = (
				1CE54A492B9F9FB000C2F097 /* PBXTargetDependency */,
			);
			name = AppsNewsTests;
			productName = AppsNewsTests;
			productReference = 1CE54A472B9F9FB000C2F097 /* AppsNewsTests.xctest */;
			productType = "com.apple.product-type.bundle.unit-test";
		};
		1CE54A502B9F9FB000C2F097 /* AppsNewsUITests */ = {
			isa = PBXNativeTarget;
			buildConfigurationList = 1CE54A612B9F9FB000C2F097 /* Build configuration list for PBXNativeTarget "AppsNewsUITests" */;
			buildPhases = (
				1CE54A4D2B9F9FB000C2F097 /* Sources */,
				1CE54A4E2B9F9FB000C2F097 /* Frameworks */,
				1CE54A4F2B9F9FB000C2F097 /* Resources */,
			);
			buildRules = (
			);
			dependencies = (
				1CE54A532B9F9FB000C2F097 /* PBXTargetDependency */,
			);
			name = AppsNewsUITests;
			productName = AppsNewsUITests;
			productReference = 1CE54A512B9F9FB000C2F097 /* AppsNewsUITests.xctest */;
			productType = "com.apple.product-type.bundle.ui-testing";
		};
/* End PBXNativeTarget section */

/* Begin PBXProject section */
		1CE54A292B9F9FAD00C2F097 /* Project object */ = {
			isa = PBXProject;
			attributes = {
				BuildIndependentTargetsInParallel = 1;
				LastSwiftUpdateCheck = 1530;
				LastUpgradeCheck = 1530;
				TargetAttributes = {
					1CE54A302B9F9FAD00C2F097 = {
						CreatedOnToolsVersion = 15.3;
					};
					1CE54A462B9F9FB000C2F097 = {
						CreatedOnToolsVersion = 15.3;
						TestTargetID = 1CE54A302B9F9FAD00C2F097;
					};
					1CE54A502B9F9FB000C2F097 = {
						CreatedOnToolsVersion = 15.3;
						TestTargetID = 1CE54A302B9F9FAD00C2F097;
					};
				};
			};
			buildConfigurationList = 1CE54A2C2B9F9FAD00C2F097 /* Build configuration list for PBXProject "AppsNews" */;
			compatibilityVersion = "Xcode 14.0";
			developmentRegion = en;
			hasScannedForEncodings = 0;
			knownRegions = (
				en,
				Base,
			);
			mainGroup = 1CE54A282B9F9FAD00C2F097;
			productRefGroup = 1CE54A322B9F9FAD00C2F097 /* Products */;
			projectDirPath = "";
			projectRoot = "";
			targets = (
				1CE54A302B9F9FAD00C2F097 /* AppsNews */,
				1CE54A462B9F9FB000C2F097 /* AppsNewsTests */,
				1CE54A502B9F9FB000C2F097 /* AppsNewsUITests */,
			);
		};
/* End PBXProject section */

/* Begin PBXResourcesBuildPhase section */
		1CE54A2F2B9F9FAD00C2F097 /* Resources */ = {
			isa = PBXResourcesBuildPhase;
			buildActionMask = 2147483647;
			files = (
				1CE54A3E2B9F9FB000C2F097 /* Assets.xcassets in Resources */,
				1C77BCA32B9FC1C600A25F35 /* CeldaNoticiaTableViewCell.xib in Resources */,
				1CE54A412B9F9FB000C2F097 /* Base in Resources */,
				1CE54A3C2B9F9FAD00C2F097 /* Base in Resources */,
			);
			runOnlyForDeploymentPostprocessing = 0;
		};
		1CE54A452B9F9FB000C2F097 /* Resources */ = {
			isa = PBXResourcesBuildPhase;
			buildActionMask = 2147483647;
			files = (
			);
			runOnlyForDeploymentPostprocessing = 0;
		};
		1CE54A4F2B9F9FB000C2F097 /* Resources */ = {
			isa = PBXResourcesBuildPhase;
			buildActionMask = 2147483647;
			files = (
			);
			runOnlyForDeploymentPostprocessing = 0;
		};
/* End PBXResourcesBuildPhase section */

/* Begin PBXSourcesBuildPhase section */
		1CE54A2D2B9F9FAD00C2F097 /* Sources */ = {
			isa = PBXSourcesBuildPhase;
			buildActionMask = 2147483647;
			files = (
				1CE54A392B9F9FAD00C2F097 /* ViewController.swift in Sources */,
				1C77BCA22B9FC1C600A25F35 /* CeldaNoticiaTableViewCell.swift in Sources */,
				1CE54A352B9F9FAD00C2F097 /* AppDelegate.swift in Sources */,
				1CE54A372B9F9FAD00C2F097 /* SceneDelegate.swift in Sources */,
			);
			runOnlyForDeploymentPostprocessing = 0;
		};
		1CE54A432B9F9FB000C2F097 /* Sources */ = {
			isa = PBXSourcesBuildPhase;
			buildActionMask = 2147483647;
			files = (
				1CE54A4C2B9F9FB000C2F097 /* AppsNewsTests.swift in Sources */,
			);
			runOnlyForDeploymentPostprocessing = 0;
		};
		1CE54A4D2B9F9FB000C2F097 /* Sources */ = {
			isa = PBXSourcesBuildPhase;
			buildActionMask = 2147483647;
			files = (
				1CE54A582B9F9FB000C2F097 /* AppsNewsUITestsLaunchTests.swift in Sources */,
				1CE54A562B9F9FB000C2F097 /* AppsNewsUITests.swift in Sources */,
			);
			runOnlyForDeploymentPostprocessing = 0;
		};
/* End PBXSourcesBuildPhase section */

/* Begin PBXTargetDependency section */
		1CE54A492B9F9FB000C2F097 /* PBXTargetDependency */ = {
			isa = PBXTargetDependency;
			target = 1CE54A302B9F9FAD00C2F097 /* AppsNews */;
			targetProxy = 1CE54A482B9F9FB000C2F097 /* PBXContainerItemProxy */;
		};
		1CE54A532B9F9FB000C2F097 /* PBXTargetDependency */ = {
			isa = PBXTargetDependency;
			target = 1CE54A302B9F9FAD00C2F097 /* AppsNews */;
			targetProxy = 1CE54A522B9F9FB000C2F097 /* PBXContainerItemProxy */;
		};
/* End PBXTargetDependency section */

/* Begin PBXVariantGroup section */
		1CE54A3A2B9F9FAD00C2F097 /* Main.storyboard */ = {
			isa = PBXVariantGroup;
			children = (
				1CE54A3B2B9F9FAD00C2F097 /* Base */,
			);
			name = Main.storyboard;
			sourceTree = "<group>";
		};
		1CE54A3F2B9F9FB000C2F097 /* LaunchScreen.storyboard */ = {
			isa = PBXVariantGroup;
			children = (
				1CE54A402B9F9FB000C2F097 /* Base */,
			);
			name = LaunchScreen.storyboard;
			sourceTree = "<group>";
		};
/* End PBXVariantGroup section */

/* Begin XCBuildConfiguration section */
		1CE54A592B9F9FB000C2F097 /* Debug */ = {
			isa = XCBuildConfiguration;
			buildSettings = {
				ALWAYS_SEARCH_USER_PATHS = NO;
				ASSETCATALOG_COMPILER_GENERATE_SWIFT_ASSET_SYMBOL_EXTENSIONS = YES;
				CLANG_ANALYZER_NONNULL = YES;
				CLANG_ANALYZER_NUMBER_OBJECT_CONVERSION = YES_AGGRESSIVE;
				CLANG_CXX_LANGUAGE_STANDARD = "gnu++20";
				CLANG_ENABLE_MODULES = YES;
				CLANG_ENABLE_OBJC_ARC = YES;
				CLANG_ENABLE_OBJC_WEAK = YES;
				CLANG_WARN_BLOCK_CAPTURE_AUTORELEASING = YES;
				CLANG_WARN_BOOL_CONVERSION = YES;
				CLANG_WARN_COMMA = YES;
				CLANG_WARN_CONSTANT_CONVERSION = YES;
				CLANG_WARN_DEPRECATED_OBJC_IMPLEMENTATIONS = YES;
				CLANG_WARN_DIRECT_OBJC_ISA_USAGE = YES_ERROR;
				CLANG_WARN_DOCUMENTATION_COMMENTS = YES;
				CLANG_WARN_EMPTY_BODY = YES;
				CLANG_WARN_ENUM_CONVERSION = YES;
				CLANG_WARN_INFINITE_RECURSION = YES;
				CLANG_WARN_INT_CONVERSION = YES;
				CLANG_WARN_NON_LITERAL_NULL_CONVERSION = YES;
				CLANG_WARN_OBJC_IMPLICIT_RETAIN_SELF = YES;
				CLANG_WARN_OBJC_LITERAL_CONVERSION = YES;
				CLANG_WARN_OBJC_ROOT_CLASS = YES_ERROR;
				CLANG_WARN_QUOTED_INCLUDE_IN_FRAMEWORK_HEADER = YES;
				CLANG_WARN_RANGE_LOOP_ANALYSIS = YES;
				CLANG_WARN_STRICT_PROTOTYPES = YES;
				CLANG_WARN_SUSPICIOUS_MOVE = YES;
				CLANG_WARN_UNGUARDED_AVAILABILITY = YES_AGGRESSIVE;
				CLANG_WARN_UNREACHABLE_CODE = YES;
				CLANG_WARN__DUPLICATE_METHOD_MATCH = YES;
				COPY_PHASE_STRIP = NO;
				DEBUG_INFORMATION_FORMAT = dwarf;
				ENABLE_STRICT_OBJC_MSGSEND = YES;
				ENABLE_TESTABILITY = YES;
				ENABLE_USER_SCRIPT_SANDBOXING = YES;
				GCC_C_LANGUAGE_STANDARD = gnu17;
				GCC_DYNAMIC_NO_PIC = NO;
				GCC_NO_COMMON_BLOCKS = YES;
				GCC_OPTIMIZATION_LEVEL = 0;
				GCC_PREPROCESSOR_DEFINITIONS = (
					"DEBUG=1",
					"$(inherited)",
				);
				GCC_WARN_64_TO_32_BIT_CONVERSION = YES;
				GCC_WARN_ABOUT_RETURN_TYPE = YES_ERROR;
				GCC_WARN_UNDECLARED_SELECTOR = YES;
				GCC_WARN_UNINITIALIZED_AUTOS = YES_AGGRESSIVE;
				GCC_WARN_UNUSED_FUNCTION = YES;
				GCC_WARN_UNUSED_VARIABLE = YES;
				IPHONEOS_DEPLOYMENT_TARGET = 17.4;
				LOCALIZATION_PREFERS_STRING_CATALOGS = YES;
				MTL_ENABLE_DEBUG_INFO = INCLUDE_SOURCE;
				MTL_FAST_MATH = YES;
				ONLY_ACTIVE_ARCH = YES;
				SDKROOT = iphoneos;
				SWIFT_ACTIVE_COMPILATION_CONDITIONS = "DEBUG $(inherited)";
				SWIFT_OPTIMIZATION_LEVEL = "-Onone";
			};
			name = Debug;
		};
		1CE54A5A2B9F9FB000C2F097 /* Release */ = {
			isa = XCBuildConfiguration;
			buildSettings = {
				ALWAYS_SEARCH_USER_PATHS = NO;
				ASSETCATALOG_COMPILER_GENERATE_SWIFT_ASSET_SYMBOL_EXTENSIONS = YES;
				CLANG_ANALYZER_NONNULL = YES;
				CLANG_ANALYZER_NUMBER_OBJECT_CONVERSION = YES_AGGRESSIVE;
				CLANG_CXX_LANGUAGE_STANDARD = "gnu++20";
				CLANG_ENABLE_MODULES = YES;
				CLANG_ENABLE_OBJC_ARC = YES;
				CLANG_ENABLE_OBJC_WEAK = YES;
				CLANG_WARN_BLOCK_CAPTURE_AUTORELEASING = YES;
				CLANG_WARN_BOOL_CONVERSION = YES;
				CLANG_WARN_COMMA = YES;
				CLANG_WARN_CONSTANT_CONVERSION = YES;
				CLANG_WARN_DEPRECATED_OBJC_IMPLEMENTATIONS = YES;
				CLANG_WARN_DIRECT_OBJC_ISA_USAGE = YES_ERROR;
				CLANG_WARN_DOCUMENTATION_COMMENTS = YES;
				CLANG_WARN_EMPTY_BODY = YES;
				CLANG_WARN_ENUM_CONVERSION = YES;
				CLANG_WARN_INFINITE_RECURSION = YES;
				CLANG_WARN_INT_CONVERSION = YES;
				CLANG_WARN_NON_LITERAL_NULL_CONVERSION = YES;
				CLANG_WARN_OBJC_IMPLICIT_RETAIN_SELF = YES;
				CLANG_WARN_OBJC_LITERAL_CONVERSION = YES;
				CLANG_WARN_OBJC_ROOT_CLASS = YES_ERROR;
				CLANG_WARN_QUOTED_INCLUDE_IN_FRAMEWORK_HEADER = YES;
				CLANG_WARN_RANGE_LOOP_ANALYSIS = YES;
				CLANG_WARN_STRICT_PROTOTYPES = YES;
				CLANG_WARN_SUSPICIOUS_MOVE = YES;
				CLANG_WARN_UNGUARDED_AVAILABILITY = YES_AGGRESSIVE;
				CLANG_WARN_UNREACHABLE_CODE = YES;
				CLANG_WARN__DUPLICATE_METHOD_MATCH = YES;
				COPY_PHASE_STRIP = NO;
				DEBUG_INFORMATION_FORMAT = "dwarf-with-dsym";
				ENABLE_NS_ASSERTIONS = NO;
				ENABLE_STRICT_OBJC_MSGSEND = YES;
				ENABLE_USER_SCRIPT_SANDBOXING = YES;
				GCC_C_LANGUAGE_STANDARD = gnu17;
				GCC_NO_COMMON_BLOCKS = YES;
				GCC_WARN_64_TO_32_BIT_CONVERSION = YES;
				GCC_WARN_ABOUT_RETURN_TYPE = YES_ERROR;
				GCC_WARN_UNDECLARED_SELECTOR = YES;
				GCC_WARN_UNINITIALIZED_AUTOS = YES_AGGRESSIVE;
				GCC_WARN_UNUSED_FUNCTION = YES;
				GCC_WARN_UNUSED_VARIABLE = YES;
				IPHONEOS_DEPLOYMENT_TARGET = 17.4;
				LOCALIZATION_PREFERS_STRING_CATALOGS = YES;
				MTL_ENABLE_DEBUG_INFO = NO;
				MTL_FAST_MATH = YES;
				SDKROOT = iphoneos;
				SWIFT_COMPILATION_MODE = wholemodule;
				VALIDATE_PRODUCT = YES;
			};
			name = Release;
		};
		1CE54A5C2B9F9FB000C2F097 /* Debug */ = {
			isa = XCBuildConfiguration;
			buildSettings = {
				ASSETCATALOG_COMPILER_APPICON_NAME = AppIcon;
				ASSETCATALOG_COMPILER_GLOBAL_ACCENT_COLOR_NAME = AccentColor;
				CODE_SIGN_STYLE = Automatic;
				CURRENT_PROJECT_VERSION = 1;
				GENERATE_INFOPLIST_FILE = YES;
				INFOPLIST_FILE = AppsNews/Info.plist;
				INFOPLIST_KEY_UIApplicationSupportsIndirectInputEvents = YES;
				INFOPLIST_KEY_UILaunchStoryboardName = LaunchScreen;
				INFOPLIST_KEY_UIMainStoryboardFile = Main;
				INFOPLIST_KEY_UISupportedInterfaceOrientations_iPad = "UIInterfaceOrientationPortrait UIInterfaceOrientationPortraitUpsideDown UIInterfaceOrientationLandscapeLeft UIInterfaceOrientationLandscapeRight";
				INFOPLIST_KEY_UISupportedInterfaceOrientations_iPhone = "UIInterfaceOrientationPortrait UIInterfaceOrientationLandscapeLeft UIInterfaceOrientationLandscapeRight";
				IPHONEOS_DEPLOYMENT_TARGET = 14.0;
				LD_RUNPATH_SEARCH_PATHS = (
					"$(inherited)",
					"@executable_path/Frameworks",
				);
				MARKETING_VERSION = 1.0;
				PRODUCT_BUNDLE_IDENTIFIER = SmartSoft.AppsNews;
				PRODUCT_NAME = "$(TARGET_NAME)";
				SWIFT_EMIT_LOC_STRINGS = YES;
				SWIFT_VERSION = 5.0;
				TARGETED_DEVICE_FAMILY = "1,2";
			};
			name = Debug;
		};
		1CE54A5D2B9F9FB000C2F097 /* Release */ = {
			isa = XCBuildConfiguration;
			buildSettings = {
				ASSETCATALOG_COMPILER_APPICON_NAME = AppIcon;
				ASSETCATALOG_COMPILER_GLOBAL_ACCENT_COLOR_NAME = AccentColor;
				CODE_SIGN_STYLE = Automatic;
				CURRENT_PROJECT_VERSION = 1;
				GENERATE_INFOPLIST_FILE = YES;
				INFOPLIST_FILE = AppsNews/Info.plist;
				INFOPLIST_KEY_UIApplicationSupportsIndirectInputEvents = YES;
				INFOPLIST_KEY_UILaunchStoryboardName = LaunchScreen;
				INFOPLIST_KEY_UIMainStoryboardFile = Main;
				INFOPLIST_KEY_UISupportedInterfaceOrientations_iPad = "UIInterfaceOrientationPortrait UIInterfaceOrientationPortraitUpsideDown UIInterfaceOrientationLandscapeLeft UIInterfaceOrientationLandscapeRight";
				INFOPLIST_KEY_UISupportedInterfaceOrientations_iPhone = "UIInterfaceOrientationPortrait UIInterfaceOrientationLandscapeLeft UIInterfaceOrientationLandscapeRight";
				IPHONEOS_DEPLOYMENT_TARGET = 14.0;
				LD_RUNPATH_SEARCH_PATHS = (
					"$(inherited)",
					"@executable_path/Frameworks",
				);
				MARKETING_VERSION = 1.0;
				PRODUCT_BUNDLE_IDENTIFIER = SmartSoft.AppsNews;
				PRODUCT_NAME = "$(TARGET_NAME)";
				SWIFT_EMIT_LOC_STRINGS = YES;
				SWIFT_VERSION = 5.0;
				TARGETED_DEVICE_FAMILY = "1,2";
			};
			name = Release;
		};
		1CE54A5F2B9F9FB000C2F097 /* Debug */ = {
			isa = XCBuildConfiguration;
			buildSettings = {
				ALWAYS_EMBED_SWIFT_STANDARD_LIBRARIES = YES;
				BUNDLE_LOADER = "$(TEST_HOST)";
				CODE_SIGN_STYLE = Automatic;
				CURRENT_PROJECT_VERSION = 1;
				GENERATE_INFOPLIST_FILE = YES;
				IPHONEOS_DEPLOYMENT_TARGET = 17.4;
				MARKETING_VERSION = 1.0;
				PRODUCT_BUNDLE_IDENTIFIER = SmartSoft.AppsNewsTests;
				PRODUCT_NAME = "$(TARGET_NAME)";
				SWIFT_EMIT_LOC_STRINGS = NO;
				SWIFT_VERSION = 5.0;
				TARGETED_DEVICE_FAMILY = "1,2";
				TEST_HOST = "$(BUILT_PRODUCTS_DIR)/AppsNews.app/$(BUNDLE_EXECUTABLE_FOLDER_PATH)/AppsNews";
			};
			name = Debug;
		};
		1CE54A602B9F9FB000C2F097 /* Release */ = {
			isa = XCBuildConfiguration;
			buildSettings = {
				ALWAYS_EMBED_SWIFT_STANDARD_LIBRARIES = YES;
				BUNDLE_LOADER = "$(TEST_HOST)";
				CODE_SIGN_STYLE = Automatic;
				CURRENT_PROJECT_VERSION = 1;
				GENERATE_INFOPLIST_FILE = YES;
				IPHONEOS_DEPLOYMENT_TARGET = 17.4;
				MARKETING_VERSION = 1.0;
				PRODUCT_BUNDLE_IDENTIFIER = SmartSoft.AppsNewsTests;
				PRODUCT_NAME = "$(TARGET_NAME)";
				SWIFT_EMIT_LOC_STRINGS = NO;
				SWIFT_VERSION = 5.0;
				TARGETED_DEVICE_FAMILY = "1,2";
				TEST_HOST = "$(BUILT_PRODUCTS_DIR)/AppsNews.app/$(BUNDLE_EXECUTABLE_FOLDER_PATH)/AppsNews";
			};
			name = Release;
		};
		1CE54A622B9F9FB000C2F097 /* Debug */ = {
			isa = XCBuildConfiguration;
			buildSettings = {
				ALWAYS_EMBED_SWIFT_STANDARD_LIBRARIES = YES;
				CODE_SIGN_STYLE = Automatic;
				CURRENT_PROJECT_VERSION = 1;
				GENERATE_INFOPLIST_FILE = YES;
				MARKETING_VERSION = 1.0;
				PRODUCT_BUNDLE_IDENTIFIER = SmartSoft.AppsNewsUITests;
				PRODUCT_NAME = "$(TARGET_NAME)";
				SWIFT_EMIT_LOC_STRINGS = NO;
				SWIFT_VERSION = 5.0;
				TARGETED_DEVICE_FAMILY = "1,2";
				TEST_TARGET_NAME = AppsNews;
			};
			name = Debug;
		};
		1CE54A632B9F9FB000C2F097 /* Release */ = {
			isa = XCBuildConfiguration;
			buildSettings = {
				ALWAYS_EMBED_SWIFT_STANDARD_LIBRARIES = YES;
				CODE_SIGN_STYLE = Automatic;
				CURRENT_PROJECT_VERSION = 1;
				GENERATE_INFOPLIST_FILE = YES;
				MARKETING_VERSION = 1.0;
				PRODUCT_BUNDLE_IDENTIFIER = SmartSoft.AppsNewsUITests;
				PRODUCT_NAME = "$(TARGET_NAME)";
				SWIFT_EMIT_LOC_STRINGS = NO;
				SWIFT_VERSION = 5.0;
				TARGETED_DEVICE_FAMILY = "1,2";
				TEST_TARGET_NAME = AppsNews;
			};
			name = Release;
		};
/* End XCBuildConfiguration section */

/* Begin XCConfigurationList section */
		1CE54A2C2B9F9FAD00C2F097 /* Build configuration list for PBXProject "AppsNews" */ = {
			isa = XCConfigurationList;
			buildConfigurations = (
				1CE54A592B9F9FB000C2F097 /* Debug */,
				1CE54A5A2B9F9FB000C2F097 /* Release */,
			);
			defaultConfigurationIsVisible = 0;
			defaultConfigurationName = Release;
		};
		1CE54A5B2B9F9FB000C2F097 /* Build configuration list for PBXNativeTarget "AppsNews" */ = {
			isa = XCConfigurationList;
			buildConfigurations = (
				1CE54A5C2B9F9FB000C2F097 /* Debug */,
				1CE54A5D2B9F9FB000C2F097 /* Release */,
			);
			defaultConfigurationIsVisible = 0;
			defaultConfigurationName = Release;
		};
		1CE54A5E2B9F9FB000C2F097 /* Build configuration list for PBXNativeTarget "AppsNewsTests" */ = {
			isa = XCConfigurationList;
			buildConfigurations = (
				1CE54A5F2B9F9FB000C2F097 /* Debug */,
				1CE54A602B9F9FB000C2F097 /* Release */,
			);
			defaultConfigurationIsVisible = 0;
			defaultConfigurationName = Release;
		};
		1CE54A612B9F9FB000C2F097 /* Build configuration list for PBXNativeTarget "AppsNewsUITests" */ = {
			isa = XCConfigurationList;
			buildConfigurations = (
				1CE54A622B9F9FB000C2F097 /* Debug */,
				1CE54A632B9F9FB000C2F097 /* Release */,
			);
			defaultConfigurationIsVisible = 0;
			defaultConfigurationName = Release;
		};
/* End XCConfigurationList section */
	};
	rootObject = 1CE54A292B9F9FAD00C2F097 /* Project object */;
}
